github.com/beorn7/perks v1.0.1 h1:VlbKKnNfV8bJzeqoa4cOKqO6bYr3WgKZxO8Z16+hsOM=
github.com/beorn7/perks v1.0.1/go.mod h1:G2ZrVWU2WbWT9wwq4/hrbKbnv/1ERSJQ0ibhJ6rlkpw=
github.com/cespare/xxhash/v2 v2.2.0 h1:DC2CZ1Ep5Y4k3ZQ899DldepgrayRUGE6BBZ/cd9Cj44=
github.com/cespare/xxhash/v2 v2.2.0/go.mod h1:VGX0DQ3Q6kWi7AoAeZDth3/j3BFtOZR5XLFGgcrjCOs=
github.com/davecgh/go-spew v1.1.0/go.mod h1:J7Y8YcW2NihsgmVo/mv3lAwl/skON4iLHjSsI+c5H38=
github.com/davecgh/go-spew v1.1.1 h1:vj9j/u1bqnvCEfJOwUhtlOARqs3+rkHYY13jYWTU97c=
github.com/davecgh/go-spew v1.1.1/go.mod h1:J7Y8YcW2NihsgmVo/mv3lAwl/skON4iLHjSsI+c5H38=
github.com/gofrs/uuid v4.4.0+incompatible h1:3qXRTX8/NbyulANqlc0lchS1gqAVxRgsuW1YrTJupqA=
github.com/gofrs/uuid v4.4.0+incompatible/go.mod h1:b2aQJv3Z4Fp6yNu3cdSllBxTCLRxnplIgP/c0N/04lM=
github.com/golang/mock v1.6.0 h1:ErTB+efbowRARo13NNdxyJji2egdxLGQhRaY+DUumQc=
github.com/golang/mock v1.6.0/go.mod h1:p6yTPP+5HYm5mzsMV8JkE6ZKdX+/wYM6Hr+LicevLPs=
github.com/golang/protobuf v1.2.0/go.mod h1:6lQm79b+lXiMfvg/cZm0SGofjICqVBUtrP5yJMmIC1U=
github.com/golang/protobuf v1.5.0/go.mod h1:FsONVRAS9T7sI+LIUmWTfcYkHO4aIWwzhcaSAoJOfIk=
github.com/golang/protobuf v1.5.3 h1:KhyjKVUg7Usr/dYsdSqoFveMYd5ko72D+zANwlG1mmg=
github.com/golang/protobuf v1.5.3/go.mod h1:XVQd3VNwM+JqD3oG2Ue2ip4fOMUkwXdXDdiuN0vRsmY=
github.com/google/go-cmp v0.5.5/go.mod h1:v8dTdLbMG2kIc/vJvl+f65V22dbkXbowE6jgT/gNBxE=
github.com/google/go-cmp v0.5.9 h1:O2Tfq5qg4qc4AmwVlvv0oLiVAGB7enBSJ2x2DqQFi38=
github.com/matttproud/golang_protobuf_extensions v1.0.4 h1:mmDVorXM7PCGKw94cs5zkfA9PSy5pEvNWRP0ET0TIVo=
github.com/matttproud/golang_protobuf_extensions v1.0.4/go.mod h1:BSXmuO+STAnVfrANrmjBb36TMTDstsz7MSK+HVaYKv4=
github.com/pkg/errors v0.9.1 h1:FEBLx1zS214owpjy7qsBeixbURkuhQAwrK5UwLGTwt4=
github.com/pkg/errors v0.9.1/go.mod h1:bwawxfHBFNV+L2hUp1rHADufV3IMtnDRdf1r5NINEl0=
github.com/pmezard/go-difflib v1.0.0 h1:4DBwDE0NGyQoBHbLQYPwSUPoCMWR5BEzIk/f1lZbAQM=
github.com/pmezard/go-difflib v1.0.0/go.mod h1:iKH77koFhYxTK1pcRnkKkqfTogsbg7gZNVY4sRDYZ/4=
github.com/prometheus/client_golang v1.16.0 h1:yk/hx9hDbrGHovbci4BY+pRMfSuuat626eFsHb7tmT8=
github.com/prometheus/client_golang v1.16.0/go.mod h1:Zsulrv/L9oM40tJ7T815tM89lFEugiJ9HzIqaAx4LKc=
github.com/prometheus/client_model v0.4.0 h1:5lQXD3cAg1OXBf4Wq03gTrXHeaV0TQvGfUooCfx1yqY=
github.com/prometheus/client_model v0.4.0/go.mod h1:oMQmHW1/JoDwqLtg57MGgP/Fb1CJEYF2imWWhWtMkYU=
github.com/prometheus/common v0.44.0 h1:+5BrQJwiBB9xsMygAB3TNvpQKOwlkc25LbISbrdOOfY=
github.com/prometheus/common v0.44.0/go.mod h1:ofAIvZbQ1e/nugmZGz4/qCb9Ap1VoSTIO7x0VV9VvuY=
github.com/prometheus/procfs v0.10.1 h1:kYK1Va/YMlutzCGazswoHKo//tZVlFpKYh+PymziUAg=
github.com/prometheus/procfs v0.10.1/go.mod h1:nwNm2aOCAYw8uTR/9bWRREkZFxAUcWzPHWJq+XBB/FM=
github.com/sirupsen/logrus v1.9.3 h1:dueUQJ1C2q9oE3F7wvmSGAaVtTmUizReu6fjN8uqzbQ=
github.com/sirupsen/logrus v1.9.3/go.mod h1:naHLuLoDiP4jHNo9R0sCBMtWGeIprob74mVsIT4qYEQ=
github.com/streadway/amqp v1.0.0 h1:kuuDrUJFZL1QYL9hUNuCxNObNzB0bV/ZG5jV3RWAQgo=
github.com/streadway/amqp v1.0.0/go.mod h1:AZpEONHx3DKn8O/DFsRAY58/XVQiIPMTMB1SddzLXVw=
github.com/stretchr/objx v0.1.0/go.mod h1:HFkY916IF+rwdDfMAkV7OtwuqBVzrE8GR6GFx+wExME=
github.com/stretchr/testify v1.7.0 h1:nwc3DEeHmmLAfoZucVR881uASk0Mfjw8xYJ99tb5CcY=
github.com/stretchr/testify v1.7.0/go.mod h1:6Fq8oRcR53rry900zMqJjRRixrwX3KX962/h/Wwjteg=
github.com/yuin/goldmark v1.3.5/go.mod h1:mwnBkeHKe2W/ZEtQ+71ViKU8L12m81fl3OWwC1Zlc8k=
gitlab.com/voipbin/bin-manager/agent-manager.git v0.0.0-20230306012236-f2470b06b6ca h1:FRbWYFEBOFQgX7XpL/zmbalioUIKGVxQz2p/f9OYjDU=
gitlab.com/voipbin/bin-manager/agent-manager.git v0.0.0-20230306012236-f2470b06b6ca/go.mod h1:xy0GgcAS3kt4TAOrucdTHMxDDmh4BEJ4E8KNl2bQVUI=
gitlab.com/voipbin/bin-manager/billing-manager.git v0.0.0-20230614182212-e4cb1cb50205 h1:UMVsuuRVitFFd8LzjXgoA0b2Z8FxGxf6znWbWHyo9qQ=
gitlab.com/voipbin/bin-manager/billing-manager.git v0.0.0-20230614182212-e4cb1cb50205/go.mod h1:KKeVa9IZEDeBJuzG5+j1dFxLzM8AOvnB5q9FF+31Q7Q=
gitlab.com/voipbin/bin-manager/billing-manager.git v0.0.0-20230615163000-b4dc69ec0719 h1:z/YiIVI+gU2QZm6R++jJ4qlamyZXqSd++GrDc4f7JX8=
gitlab.com/voipbin/bin-manager/billing-manager.git v0.0.0-20230615163000-b4dc69ec0719/go.mod h1:KKeVa9IZEDeBJuzG5+j1dFxLzM8AOvnB5q9FF+31Q7Q=
gitlab.com/voipbin/bin-manager/call-manager.git v0.0.0-20230605154253-5e94270b8e39 h1:87GpxdJVDEZJ5qZKBTUUopdxJoUDIty8rQ0DBbrz2iE=
gitlab.com/voipbin/bin-manager/call-manager.git v0.0.0-20230605154253-5e94270b8e39/go.mod h1:r+y5/Dgwp0kFxNErTbVRhd3w+5S6eJI2Xnjc182n9og=
gitlab.com/voipbin/bin-manager/campaign-manager.git v0.0.0-20230321074036-1fa273ce1206 h1:beC7nSy95iuweMe7quxqnfA87YkqSCmqYWUQECBC1eU=
gitlab.com/voipbin/bin-manager/campaign-manager.git v0.0.0-20230321074036-1fa273ce1206/go.mod h1:nxwlzRUC86fPO8t9kTkPIxLjRYVVMssIFlr46pIZWnE=
gitlab.com/voipbin/bin-manager/chat-manager.git v0.0.0-20220926023600-ef42f2bac093 h1:KpWVqqS+jFjQ8wOtZSOAorO/SpOEPbuPKWD72smHrQM=
gitlab.com/voipbin/bin-manager/chat-manager.git v0.0.0-20220926023600-ef42f2bac093/go.mod h1:CMWCrp4ClhtjFGbcJY/VHmLkQ/D+tX5pUCp0Rsedj4k=
gitlab.com/voipbin/bin-manager/chatbot-manager.git v0.0.0-20230526095512-b24c67e40013 h1:g6VWRb5hkSg63L2U7q1612LEoaTv3Zfd8ZbQOptkL7Q=
gitlab.com/voipbin/bin-manager/chatbot-manager.git v0.0.0-20230526095512-b24c67e40013/go.mod h1:Od3yvRoB8BPdORva69VWQ9kTcU/Fqg76gycUfI36rt8=
gitlab.com/voipbin/bin-manager/conference-manager.git v0.0.0-20230314123101-da8d55451daa h1:PP+lN42xD4htGHyiwpzki5O9qhYqJQoO2vvbsjslr9g=
gitlab.com/voipbin/bin-manager/conference-manager.git v0.0.0-20230314123101-da8d55451daa/go.mod h1:ZmH0dxGw24CBuZhNZO4JYFTFfY3Ti+aeQkMHG97Swas=
gitlab.com/voipbin/bin-manager/conversation-manager.git v0.0.0-20230603201624-9c3de6f3fa02 h1:w1vRshMX9V0FfH1nyJ16yOyXNDnNui4iVPsUFOoUgOo=
gitlab.com/voipbin/bin-manager/conversation-manager.git v0.0.0-20230603201624-9c3de6f3fa02/go.mod h1:jpa5pRnCqdQqbjb7+GJqnV25JGYSyHnFPE2c5I/YnKw=
gitlab.com/voipbin/bin-manager/customer-manager.git v0.0.0-20230604162846-9d4a40ced4cb h1:AhKqYEzuT/QBgOuVytW+sHFwI0yq5IMjPamZVZ9occY=
gitlab.com/voipbin/bin-manager/customer-manager.git v0.0.0-20230604162846-9d4a40ced4cb/go.mod h1:kV3dMbQwwOUWMGIugy5ySJZbPUlxup7gVPQGU6YP+v4=
gitlab.com/voipbin/bin-manager/flow-manager.git v0.0.0-20230527113322-22346c104c98 h1:GL0xvj+BSRmCitH9t3rg2gXQ4Qokgnn/gqB65umjEUk=
gitlab.com/voipbin/bin-manager/flow-manager.git v0.0.0-20230527113322-22346c104c98/go.mod h1:eYDtSHR+ZAZhUHFkGc18hmq0x3mm/QHOviBrVl005+8=
gitlab.com/voipbin/bin-manager/hook-manager.git v0.0.0-20230602163146-85b8850d4027 h1:uPLS7ZcihgbOPeLwKE2IlBw4SeErlreCKWW25XVfcJo=
gitlab.com/voipbin/bin-manager/hook-manager.git v0.0.0-20230602163146-85b8850d4027/go.mod h1:GJYu7jBVZSP4nt7txLZm5zahdKFhI417861zukf2CDE=
gitlab.com/voipbin/bin-manager/message-manager.git v0.0.0-20230223062801-4a4bfaf6b027 h1:HHPVErpeXQtXLSKZ/dJsqF/YBC6hKilrQiq8JU4lk08=
gitlab.com/voipbin/bin-manager/message-manager.git v0.0.0-20230223062801-4a4bfaf6b027/go.mod h1:HJJQD+Q+qm92CWNYtjvx1+YvfzzRy4VMBrNaAmbIXpU=
gitlab.com/voipbin/bin-manager/number-manager.git v0.0.0-20221206165111-75edd8be2cb9 h1:Tz/kHv3u20HGYWkH9Pwc8Oy3db0Muwe8yHp4Blsk9wg=
gitlab.com/voipbin/bin-manager/number-manager.git v0.0.0-20221206165111-75edd8be2cb9/go.mod h1:aWXZYs/A+6WLLKrrpKv3KUpEBEF5sCql6hEhPJhD4+I=
gitlab.com/voipbin/bin-manager/outdial-manager.git v0.0.0-20220722164233-2ec431be7901 h1:SCm0GihLmu4itJaZKLOAIBYB5TKakhdMpfEF6HCWOfk=
gitlab.com/voipbin/bin-manager/outdial-manager.git v0.0.0-20220722164233-2ec431be7901/go.mod h1:Cha5xWMeBJW4idXwvDSiME4BkOy38jgY0J3plyL5kbE=
gitlab.com/voipbin/bin-manager/queue-manager.git v0.0.0-20230307162312-13dfc1050b1e h1:LUD/qnW9SPDgNh2K4J+o7pqsEHVu3x/1+hDvscW0DgE=
gitlab.com/voipbin/bin-manager/queue-manager.git v0.0.0-20230307162312-13dfc1050b1e/go.mod h1:PIr8m2MwAUbKoXf5t7RdxeRvxvFxfS/YZP8oY41JK9M=
gitlab.com/voipbin/bin-manager/registrar-manager.git v0.0.0-20230307174917-96d57438d2d8 h1:sLihQkf5eSI4AljFknaws5dCrzJQo7jpP6iofaBS900=
gitlab.com/voipbin/bin-manager/registrar-manager.git v0.0.0-20230307174917-96d57438d2d8/go.mod h1:ayq3fTZcpAFk4gzFhURuqw1PQG+kTMHVJK/LhsPaKzc=
gitlab.com/voipbin/bin-manager/route-manager.git v0.0.0-20221029145057-ef1ebd21d097 h1:5Bvn+WLVuAP7gfL25wlrhmeEcA4s9BM38IBf9Vcyvt4=
gitlab.com/voipbin/bin-manager/route-manager.git v0.0.0-20221029145057-ef1ebd21d097/go.mod h1:hGuam1F4uWvvbHpwzOLVztS/mNEtd35VNkyJX1WpIzY=
gitlab.com/voipbin/bin-manager/storage-manager.git v0.0.0-20230108123249-9f26b43b8ea9 h1:s0jTC7u5ONsjynyVV24vzgLncWZ1cHD3vITbSG2z3EQ=
gitlab.com/voipbin/bin-manager/storage-manager.git v0.0.0-20230108123249-9f26b43b8ea9/go.mod h1:pSov0x4aVPKWuN0DjMJp6+Z4kzCTxUeSzJh7fIGFg18=
gitlab.com/voipbin/bin-manager/transcribe-manager.git v0.0.0-20230318110619-25a2d88d1450 h1:ggM/ZaGAMoJMD8sucY6p2f0k1WQ/cxwdDpQjVXN+cfs=
gitlab.com/voipbin/bin-manager/transcribe-manager.git v0.0.0-20230318110619-25a2d88d1450/go.mod h1:nXwJeGScrKeMXowtYco+HUG0qAxLE8KW1Uub3hEuXk4=
gitlab.com/voipbin/bin-manager/transfer-manager.git v0.0.0-20230419025515-44dea928ef34 h1:l9QJ2Nu/p4RHs1f8dTf4g/5duqFL9q19sHF/3pJ2X0s=
gitlab.com/voipbin/bin-manager/transfer-manager.git v0.0.0-20230419025515-44dea928ef34/go.mod h1:EBcHdy7XAa3XnbboyGSOco2Wbc0wOi3JZm+6pTbSNsg=
gitlab.com/voipbin/bin-manager/tts-manager.git v0.0.0-20230526104632-e0a1f63531d8 h1:9//MBS3JETBLzikaY800qpKM0p6mPBdrjtBqG9MJEk0=
gitlab.com/voipbin/bin-manager/tts-manager.git v0.0.0-20230526104632-e0a1f63531d8/go.mod h1:VMAiDa4YZq54GnIVZVA1d7APrAQ0EdsrZTwBV8ClkKc=
gitlab.com/voipbin/bin-manager/user-manager.git v0.0.0-20211201060242-1cc38a3221d0 h1:ti87QfvFKnGwwuQZroaLlYZnTq6q7WrxQ+2uR4I3cxM=
gitlab.com/voipbin/bin-manager/user-manager.git v0.0.0-20211201060242-1cc38a3221d0/go.mod h1:halzSanfMvCY67OsxG+1D5PZHc6mwK/ClOZ1VEJGTxM=
gitlab.com/voipbin/bin-manager/webhook-manager.git v0.0.0-20220723135740-c87a1ef4af61 h1:QqGwAymiQn1xLKl/1a/ujDhdrS9zCm8a/bZtliKT+JA=
gitlab.com/voipbin/bin-manager/webhook-manager.git v0.0.0-20220723135740-c87a1ef4af61/go.mod h1:PgpFpomnuH65qFBYoUe0EBNiaDIGjZ9yn3S29XHgfSE=
golang.org/x/crypto v0.0.0-20190308221718-c2843e01d9a2/go.mod h1:djNgcEr1/C05ACkg1iLfiJU5Ep61QUkGW8qpdssI0+w=
golang.org/x/crypto v0.0.0-20191011191535-87dc89f01550/go.mod h1:yigFU9vqHzYiE8UmvKecakEJjdnWj3jj499lnFckfCI=
golang.org/x/mod v0.4.2 h1:Gz96sIWK3OalVv/I/qNygP42zyoKp3xptRVCWRFEBvo=
golang.org/x/mod v0.4.2/go.mod h1:s0Qsj1ACt9ePp/hMypM3fl4fZqREWJwdYDEqhRiZZUA=
golang.org/x/net v0.0.0-20190404232315-eb5bcb51f2a3/go.mod h1:t9HGtf8HONx5eT2rtn7q6eTqICYqUVnKs3thJo3Qplg=
golang.org/x/net v0.0.0-20190620200207-3b0461eec859/go.mod h1:z5CRVTTTmAJ677TzLLGU+0bjPO0LkuOLi4/5GtJWs/s=
golang.org/x/net v0.0.0-20210405180319-a5a99cb37ef4/go.mod h1:p54w0d4576C0XHj96bSt6lcn1PtDYWL6XObtHCRCNQM=
golang.org/x/sync v0.0.0-20181221193216-37e7f081c4d4/go.mod h1:RxMgew5VJxzue5/jJTE5uejpjVlOe/izrB70Jof72aM=
golang.org/x/sync v0.0.0-20190423024810-112230192c58/go.mod h1:RxMgew5VJxzue5/jJTE5uejpjVlOe/izrB70Jof72aM=
golang.org/x/sync v0.0.0-20210220032951-036812b2e83c/go.mod h1:RxMgew5VJxzue5/jJTE5uejpjVlOe/izrB70Jof72aM=
golang.org/x/sys v0.0.0-20190215142949-d0b11bdaac8a/go.mod h1:STP8DvDyc/dI5b8T5hshtkjS+E42TnysNCUPdjciGhY=
golang.org/x/sys v0.0.0-20190412213103-97732733099d/go.mod h1:h1NjWce9XRLGQEsW7wpKNCjG9DtNlClVuFLEZdDNbEs=
golang.org/x/sys v0.0.0-20201119102817-f84b799fce68/go.mod h1:h1NjWce9XRLGQEsW7wpKNCjG9DtNlClVuFLEZdDNbEs=
golang.org/x/sys v0.0.0-20210330210617-4fbd30eecc44/go.mod h1:h1NjWce9XRLGQEsW7wpKNCjG9DtNlClVuFLEZdDNbEs=
golang.org/x/sys v0.0.0-20210510120138-977fb7262007/go.mod h1:oPkhp1MJrh7nUepCBck5+mAzfO9JrbApNNgaTdGDITg=
golang.org/x/sys v0.0.0-20220715151400-c0bba94af5f8/go.mod h1:oPkhp1MJrh7nUepCBck5+mAzfO9JrbApNNgaTdGDITg=
golang.org/x/sys v0.9.0 h1:KS/R3tvhPqvJvwcKfnBHJwwthS11LRhmM5D59eEXa0s=
golang.org/x/sys v0.9.0/go.mod h1:oPkhp1MJrh7nUepCBck5+mAzfO9JrbApNNgaTdGDITg=
golang.org/x/term v0.0.0-20201126162022-7de9c90e9dd1/go.mod h1:bj7SfCRtBDWHUb9snDiAeCFNEtKQo2Wmx5Cou7ajbmo=
golang.org/x/text v0.3.0/go.mod h1:NqM8EUOU14njkJ3fqMW+pc6Ldnwhi/IjpwHt7yyuwOQ=
golang.org/x/text v0.3.3/go.mod h1:5Zoc/QRtKVWzQhOtBMvqHzDpF6irO9z98xDceosuGiQ=
golang.org/x/tools v0.0.0-20180917221912-90fa682c2a6e/go.mod h1:n7NCudcB/nEzxVGmLbDWY5pfWTLqBcC2KZ6jyYvM4mQ=
golang.org/x/tools v0.0.0-20191119224855-298f0cb1881e/go.mod h1:b+2E5dAYhXwXZwtnZ6UAqBI28+e2cm9otk0dWdXHAEo=
golang.org/x/tools v0.1.1 h1:wGiQel/hW0NnEkJUk8lbzkX2gFJU6PFxf1v5OlCfuOs=
golang.org/x/tools v0.1.1/go.mod h1:o0xws9oXOQQZyjljx8fwUC0k7L1pTE6eaCbjGeHmOkk=
golang.org/x/xerrors v0.0.0-20190717185122-a985d3407aa7/go.mod h1:I/5z698sn9Ka8TeJc9MKroUUfqBBauWjQqLJ2OPfmY0=
golang.org/x/xerrors v0.0.0-20191011141410-1b5146add898/go.mod h1:I/5z698sn9Ka8TeJc9MKroUUfqBBauWjQqLJ2OPfmY0=
golang.org/x/xerrors v0.0.0-20191204190536-9bdfabe68543/go.mod h1:I/5z698sn9Ka8TeJc9MKroUUfqBBauWjQqLJ2OPfmY0=
golang.org/x/xerrors v0.0.0-20200804184101-5ec99f83aff1/go.mod h1:I/5z698sn9Ka8TeJc9MKroUUfqBBauWjQqLJ2OPfmY0=
golang.org/x/xerrors v0.0.0-20220907171357-04be3eba64a2 h1:H2TDz8ibqkAF6YGhCdN3jS9O0/s90v0rJh3X/OLHEUk=
google.golang.org/protobuf v1.26.0-rc.1/go.mod h1:jlhhOSvTdKEhbULTjvd4ARK9grFBp09yW+WbY/TyQbw=
google.golang.org/protobuf v1.26.0/go.mod h1:9q0QmTI4eRPtz6boOQmLYwt+qCgq0jsYwAQnmE0givc=
google.golang.org/protobuf v1.30.0 h1:kPPoIgf3TsEvrm0PFe15JQ+570QVxYzEvvHqChK+cng=
google.golang.org/protobuf v1.30.0/go.mod h1:HV8QOd/L58Z+nl8r43ehVNZIU/HEI6OcFqwMG9pJV4I=
gopkg.in/check.v1 v0.0.0-20161208181325-20d25e280405/go.mod h1:Co6ibVJAznAaIkqp8huTwlJQCZ016jof/cbN4VW5Yz0=
gopkg.in/yaml.v3 v3.0.0-20200313102051-9f266ea9e77c/go.mod h1:K4uyk7z7BCEPqu6E+C64Yfv1cQ7kz7rIZviUmN+EgEM=
gopkg.in/yaml.v3 v3.0.1 h1:fxVm/GzAzEWqLHuvctI91KS9hhNmmWOoWu0XTYJS7CA=
