github.com/beorn7/perks v1.0.1 h1:VlbKKnNfV8bJzeqoa4cOKqO6bYr3WgKZxO8Z16+hsOM=
github.com/beorn7/perks v1.0.1/go.mod h1:G2ZrVWU2WbWT9wwq4/hrbKbnv/1ERSJQ0ibhJ6rlkpw=
github.com/cespare/xxhash/v2 v2.2.0 h1:DC2CZ1Ep5Y4k3ZQ899DldepgrayRUGE6BBZ/cd9Cj44=
github.com/cespare/xxhash/v2 v2.2.0/go.mod h1:VGX0DQ3Q6kWi7AoAeZDth3/j3BFtOZR5XLFGgcrjCOs=
github.com/davecgh/go-spew v1.1.0/go.mod h1:J7Y8YcW2NihsgmVo/mv3lAwl/skON4iLHjSsI+c5H38=
github.com/davecgh/go-spew v1.1.1 h1:vj9j/u1bqnvCEfJOwUhtlOARqs3+rkHYY13jYWTU97c=
github.com/davecgh/go-spew v1.1.1/go.mod h1:J7Y8YcW2NihsgmVo/mv3lAwl/skON4iLHjSsI+c5H38=
github.com/gofrs/uuid v4.3.1+incompatible h1:0/KbAdpx3UXAx1kEOWHJeOkpbgRFGHVgv+CFIY7dBJI=
github.com/gofrs/uuid v4.3.1+incompatible/go.mod h1:b2aQJv3Z4Fp6yNu3cdSllBxTCLRxnplIgP/c0N/04lM=
github.com/golang/mock v1.6.0 h1:ErTB+efbowRARo13NNdxyJji2egdxLGQhRaY+DUumQc=
github.com/golang/mock v1.6.0/go.mod h1:p6yTPP+5HYm5mzsMV8JkE6ZKdX+/wYM6Hr+LicevLPs=
github.com/golang/protobuf v1.2.0/go.mod h1:6lQm79b+lXiMfvg/cZm0SGofjICqVBUtrP5yJMmIC1U=
github.com/golang/protobuf v1.3.5/go.mod h1:6O5/vntMXwX2lRkT1hjjk0nAC1IDOTvTlVgjlRvqsdk=
github.com/golang/protobuf v1.5.0/go.mod h1:FsONVRAS9T7sI+LIUmWTfcYkHO4aIWwzhcaSAoJOfIk=
github.com/golang/protobuf v1.5.2 h1:ROPKBNFfQgOUMifHyP+KYbvpjbdoFNs+aK7DXlji0Tw=
github.com/golang/protobuf v1.5.2/go.mod h1:XVQd3VNwM+JqD3oG2Ue2ip4fOMUkwXdXDdiuN0vRsmY=
github.com/google/go-cmp v0.5.5/go.mod h1:v8dTdLbMG2kIc/vJvl+f65V22dbkXbowE6jgT/gNBxE=
github.com/google/go-cmp v0.5.9 h1:O2Tfq5qg4qc4AmwVlvv0oLiVAGB7enBSJ2x2DqQFi38=
github.com/matttproud/golang_protobuf_extensions v1.0.4 h1:mmDVorXM7PCGKw94cs5zkfA9PSy5pEvNWRP0ET0TIVo=
github.com/matttproud/golang_protobuf_extensions v1.0.4/go.mod h1:BSXmuO+STAnVfrANrmjBb36TMTDstsz7MSK+HVaYKv4=
github.com/pmezard/go-difflib v1.0.0 h1:4DBwDE0NGyQoBHbLQYPwSUPoCMWR5BEzIk/f1lZbAQM=
github.com/pmezard/go-difflib v1.0.0/go.mod h1:iKH77koFhYxTK1pcRnkKkqfTogsbg7gZNVY4sRDYZ/4=
github.com/prometheus/client_golang v1.14.0 h1:nJdhIvne2eSX/XRAFV9PcvFFRbrjbcTUj0VP62TMhnw=
github.com/prometheus/client_golang v1.14.0/go.mod h1:8vpkKitgIVNcqrRBWh1C4TIUQgYNtG/XQE4E/Zae36Y=
github.com/prometheus/client_model v0.3.0 h1:UBgGFHqYdG/TPFD1B1ogZywDqEkwp3fBMvqdiQ7Xew4=
github.com/prometheus/client_model v0.3.0/go.mod h1:LDGWKZIo7rky3hgvBe+caln+Dr3dPggB5dvjtD7w9+w=
github.com/prometheus/common v0.39.0 h1:oOyhkDq05hPZKItWVBkJ6g6AtGxi+fy7F4JvUV8uhsI=
github.com/prometheus/common v0.39.0/go.mod h1:6XBZ7lYdLCbkAVhwRsWTZn+IN5AB9F/NXd5w0BbEX0Y=
github.com/prometheus/procfs v0.9.0 h1:wzCHvIvM5SxWqYvwgVL7yJY8Lz3PKn49KQtpgMYJfhI=
github.com/prometheus/procfs v0.9.0/go.mod h1:+pB4zwohETzFnmlpe6yd2lSc+0/46IYZRB/chUwxUZY=
github.com/sirupsen/logrus v1.9.0 h1:trlNQbNUG3OdDrDil03MCb1H2o9nJ1x4/5LYw7byDE0=
github.com/sirupsen/logrus v1.9.0/go.mod h1:naHLuLoDiP4jHNo9R0sCBMtWGeIprob74mVsIT4qYEQ=
github.com/streadway/amqp v1.0.0 h1:kuuDrUJFZL1QYL9hUNuCxNObNzB0bV/ZG5jV3RWAQgo=
github.com/streadway/amqp v1.0.0/go.mod h1:AZpEONHx3DKn8O/DFsRAY58/XVQiIPMTMB1SddzLXVw=
github.com/stretchr/objx v0.1.0/go.mod h1:HFkY916IF+rwdDfMAkV7OtwuqBVzrE8GR6GFx+wExME=
github.com/stretchr/testify v1.7.0/go.mod h1:6Fq8oRcR53rry900zMqJjRRixrwX3KX962/h/Wwjteg=
github.com/stretchr/testify v1.8.1 h1:w7B6lhMri9wdJUVmEZPGGhZzrYTPvgJArz7wNPgYKsk=
github.com/yuin/goldmark v1.3.5/go.mod h1:mwnBkeHKe2W/ZEtQ+71ViKU8L12m81fl3OWwC1Zlc8k=
gitlab.com/voipbin/bin-manager/agent-manager.git v0.0.0-20221123170257-20a7f901c1fc h1:YoQmw6hKBlxy1uvIfO+mbbmg/gDe1k+UpSUNeLbx76E=
gitlab.com/voipbin/bin-manager/agent-manager.git v0.0.0-20221123170257-20a7f901c1fc/go.mod h1:S/rI8pxIKDm0Cby+nuYe3e7ka1ct5NVxnEi2L9Z+jnY=
gitlab.com/voipbin/bin-manager/call-manager.git v0.0.0-20230110095523-889acced22cc h1:0EUzt4JfjjJwnl5vZsjsKKPMgpXm+OypEgzkCI4+Etk=
gitlab.com/voipbin/bin-manager/call-manager.git v0.0.0-20230110095523-889acced22cc/go.mod h1:fQi6MbWdLzf0CjAXoc6MDH7WyWTB3Qish5nnGiiTuGE=
gitlab.com/voipbin/bin-manager/call-manager.git v0.0.0-20230110162410-e4edc4087637 h1:kjxOxy9Sn2NsTpLy+njcRcoqNCFdzDIiR5PT/7+mskU=
gitlab.com/voipbin/bin-manager/call-manager.git v0.0.0-20230110162410-e4edc4087637/go.mod h1:gel2CxuhRjTXReqNx+CqSLp/fkbxu5Aqnjfy6JF5CHQ=
gitlab.com/voipbin/bin-manager/call-manager.git v0.0.0-20230111105415-ade69c89cdfe h1:Vrnanpy/cIrdL4ETydGTRHxAZzYoBdp93K00sNy3/8E=
gitlab.com/voipbin/bin-manager/call-manager.git v0.0.0-20230111105415-ade69c89cdfe/go.mod h1:PEEn4cIVm87vYUx5zN1pPR3NcTwRBSd8VT8XsTvNuiI=
gitlab.com/voipbin/bin-manager/call-manager.git v0.0.0-20230113132601-cf80bbd5f940 h1:o0WL0I1/k0XSYqOq1W8ezRCp1aWpMVaPuoyvaOV+eMg=
gitlab.com/voipbin/bin-manager/call-manager.git v0.0.0-20230113132601-cf80bbd5f940/go.mod h1:Y0khe11FhYHq6jhoPx6fftAvQWRqIPmxeXv/6cXUm/U=
gitlab.com/voipbin/bin-manager/call-manager.git v0.0.0-20230113153853-f14713352499 h1:1fNcAiLNwquc7vy+gUS5RWNTmwhtQQlYkI66BTWnSdM=
gitlab.com/voipbin/bin-manager/call-manager.git v0.0.0-20230113153853-f14713352499/go.mod h1:qwOMjtp5tLoBAdVjYr+75v8WgYrBPpBnNl5S5egVP64=
gitlab.com/voipbin/bin-manager/call-manager.git v0.0.0-20230119060930-4202de30c584 h1:ugGaNrVHZbmwdeCayvAQ1UAynjXUYXxhmamLolohC+U=
gitlab.com/voipbin/bin-manager/call-manager.git v0.0.0-20230119060930-4202de30c584/go.mod h1:fvbas59e8XMwZz/3KVug9dt+WizjBhbnD33NUi97Yj4=
gitlab.com/voipbin/bin-manager/call-manager.git v0.0.0-20230119080010-84fbd221eea9 h1:CV7wMxpf32ZEzOdzy3yJmH5Weas4Ek4mfGUZy4Eqe7o=
gitlab.com/voipbin/bin-manager/call-manager.git v0.0.0-20230119080010-84fbd221eea9/go.mod h1:wLDRJB/xC5B2UaPTN60lIXgCm+Qzh2Ox9opNzPPyRDE=
gitlab.com/voipbin/bin-manager/call-manager.git v0.0.0-20230119080621-56be1eeabb0a h1:uJOA39hv6jLporiNU1A/iKTMToOe2rcHXQA3QkxyKNY=
gitlab.com/voipbin/bin-manager/call-manager.git v0.0.0-20230119080621-56be1eeabb0a/go.mod h1:wLDRJB/xC5B2UaPTN60lIXgCm+Qzh2Ox9opNzPPyRDE=
gitlab.com/voipbin/bin-manager/call-manager.git v0.0.0-20230121103234-0d96435ecdd3 h1:NQGkLNS24EbcpKmQU5Z/zvckX2rw5OOz6Xv8SQ+ZHNA=
gitlab.com/voipbin/bin-manager/call-manager.git v0.0.0-20230121103234-0d96435ecdd3/go.mod h1:wLDRJB/xC5B2UaPTN60lIXgCm+Qzh2Ox9opNzPPyRDE=
gitlab.com/voipbin/bin-manager/call-manager.git v0.0.0-20230126041736-fbf06b138d39 h1:5rAsOoN/jiJ2exJ5NYBWn+7CqTULOCKIXmZiw2K3jzU=
gitlab.com/voipbin/bin-manager/call-manager.git v0.0.0-20230126041736-fbf06b138d39/go.mod h1:PFkVdrSSow+7rUcYGiyUZu9gaOf0bfhdfK1Haz9gBDA=
gitlab.com/voipbin/bin-manager/campaign-manager.git v0.0.0-20221207172609-98006dd828f9 h1:OyChNsS6NknbNfiZi6iC28/Tt9lbaLUeMubUst+Fh7c=
gitlab.com/voipbin/bin-manager/campaign-manager.git v0.0.0-20221207172609-98006dd828f9/go.mod h1:RSdWVAc9zm0kkPKM4muy1D91nKVJI61AA52a9efnYYc=
gitlab.com/voipbin/bin-manager/chat-manager.git v0.0.0-20220926023600-ef42f2bac093 h1:KpWVqqS+jFjQ8wOtZSOAorO/SpOEPbuPKWD72smHrQM=
gitlab.com/voipbin/bin-manager/chat-manager.git v0.0.0-20220926023600-ef42f2bac093/go.mod h1:CMWCrp4ClhtjFGbcJY/VHmLkQ/D+tX5pUCp0Rsedj4k=
gitlab.com/voipbin/bin-manager/conference-manager.git v0.0.0-20230110041606-9821d284bde0 h1:qZJMX/i25H6cxWujo4zlu2BH2r176/zmsWk9lbzRF2k=
gitlab.com/voipbin/bin-manager/conference-manager.git v0.0.0-20230110041606-9821d284bde0/go.mod h1:M2+9kQ9DYMwiqa+IyjQbRXYiZg1Pl28yuk7+7OEbklI=
gitlab.com/voipbin/bin-manager/conference-manager.git v0.0.0-20230110164030-b4ae21ca6468 h1:4bHZpM2N19b3tdGg/cuRi+750r7hgE2kLe8UD6v2S1g=
gitlab.com/voipbin/bin-manager/conference-manager.git v0.0.0-20230110164030-b4ae21ca6468/go.mod h1:eXUo02KtxpnEdA2AzrnVgHajyuPbYMwdWwhNjgpTFXQ=
gitlab.com/voipbin/bin-manager/conference-manager.git v0.0.0-20230111105349-dc9fa7760729 h1:dCL4BXovU2K7vLUNqpCXPAaMsCG0af6fHgHcw2bDmV0=
gitlab.com/voipbin/bin-manager/conference-manager.git v0.0.0-20230111105349-dc9fa7760729/go.mod h1:eXUo02KtxpnEdA2AzrnVgHajyuPbYMwdWwhNjgpTFXQ=
gitlab.com/voipbin/bin-manager/conference-manager.git v0.0.0-20230113073456-697af0e91642 h1:GB7Yt9OMdmUM2oPfL614ZdJWC+6u3hagvQ71cjMRcFw=
gitlab.com/voipbin/bin-manager/conference-manager.git v0.0.0-20230113073456-697af0e91642/go.mod h1:eXUo02KtxpnEdA2AzrnVgHajyuPbYMwdWwhNjgpTFXQ=
gitlab.com/voipbin/bin-manager/conference-manager.git v0.0.0-20230115071751-eda165be335e h1:HsifS5WT9tP1CAIlEMLTKwk1dQZUUPhpkkEGo1IF2dY=
gitlab.com/voipbin/bin-manager/conference-manager.git v0.0.0-20230115071751-eda165be335e/go.mod h1:xAF6dDdFbpeEgUuGO/okUYm3lQ0a0Jwl4zRxUzG7HYs=
gitlab.com/voipbin/bin-manager/conference-manager.git v0.0.0-20230116032715-2a3a06ca8077 h1:aeu1kRxKS3jHxmXAT4wVxgK/reAWfNjs3gTsIF6eUoM=
gitlab.com/voipbin/bin-manager/conference-manager.git v0.0.0-20230116032715-2a3a06ca8077/go.mod h1:dlK/ocB5z1NKGpn4pI+JkeUvgiL0+I4fGo2WY1UIjhk=
gitlab.com/voipbin/bin-manager/conference-manager.git v0.0.0-20230120135219-cf07bd7edacc h1:yYNJl92fi1V5TO/D84hpPj3wg3sw5FQticwnCkXH36M=
gitlab.com/voipbin/bin-manager/conference-manager.git v0.0.0-20230120135219-cf07bd7edacc/go.mod h1:jQfRnE6bwVJarzlEJB7wfpuuwvqYg36gO8y6mkREh8Y=
gitlab.com/voipbin/bin-manager/conference-manager.git v0.0.0-20230121041358-e57a4c0f5256 h1:FY049ukm/AgYQtPg0nWttMQdJd/sCb3gaim7j8KFEGg=
gitlab.com/voipbin/bin-manager/conference-manager.git v0.0.0-20230121041358-e57a4c0f5256/go.mod h1:8rq/FJsTGXbMcBNAyNrBayO77SNr1BeuvF6uOO/Pql4=
gitlab.com/voipbin/bin-manager/conference-manager.git v0.0.0-20230121114959-5eb900e19fcf h1:dJgcL8Gq+I48eZoWe05YuVPmBqRJZXI7n9WXhLrwXFE=
gitlab.com/voipbin/bin-manager/conference-manager.git v0.0.0-20230121114959-5eb900e19fcf/go.mod h1:B4VVv2W6HJjwZYlpPHJLyImO8kFEuvNM2hw86wvajy8=
gitlab.com/voipbin/bin-manager/conversation-manager.git v0.0.0-20220722162017-92d117261a6a h1:6tQaB5eQ8du+G2tXWGrm1E9oI2fPZQT+slbcYFcVqPE=
gitlab.com/voipbin/bin-manager/conversation-manager.git v0.0.0-20220722162017-92d117261a6a/go.mod h1:DtQoH7ZODkzXBZR0i6J4PH0NyS2/v+BkhLZhxbf585Q=
gitlab.com/voipbin/bin-manager/customer-manager.git v0.0.0-20220616065935-caa48b9b0bb5 h1:l2PNnUrTq8qZNqqi9eu2b6EaQKNz/oar9P9/H0d+6hU=
gitlab.com/voipbin/bin-manager/customer-manager.git v0.0.0-20220616065935-caa48b9b0bb5/go.mod h1:Hp6+pKVvlY+qZ4qUH44Ebx0FDvZwgNLcAKCo+LB+Uko=
gitlab.com/voipbin/bin-manager/flow-manager.git v0.0.0-20230102093540-da6a0504a0ae h1:r7OYFuCKVGNHRxPvMq4O3GJ8jPekG/qGI4xjsrr6Aig=
gitlab.com/voipbin/bin-manager/flow-manager.git v0.0.0-20230102093540-da6a0504a0ae/go.mod h1:uCdjR+aWU4ETmjRoqyqkACqRP58lhor4ATmccpkHFGY=
gitlab.com/voipbin/bin-manager/hook-manager.git v0.0.0-20221211030023-7909940f4600 h1:BCrfSskH3gjLBXZhC1PkYTyw1HLbAzPTZ1WGMJewPIg=
gitlab.com/voipbin/bin-manager/hook-manager.git v0.0.0-20221211030023-7909940f4600/go.mod h1:XnEvGVrxHrwNie+5H0Us8OTwbonbk5terGYZOip0ZmU=
gitlab.com/voipbin/bin-manager/message-manager.git v0.0.0-20221216125212-e74e4c409422 h1:Xf4QSsOsDSJnnk4s7XwZAwjBEDqEXXKIFMGf/K18Eo4=
gitlab.com/voipbin/bin-manager/message-manager.git v0.0.0-20221216125212-e74e4c409422/go.mod h1:fU1tj9B48ZGnXnwkzjwFlFmtnX1BxIMKEgWNEx3oeuE=
gitlab.com/voipbin/bin-manager/number-manager.git v0.0.0-20221206165111-75edd8be2cb9 h1:Tz/kHv3u20HGYWkH9Pwc8Oy3db0Muwe8yHp4Blsk9wg=
gitlab.com/voipbin/bin-manager/number-manager.git v0.0.0-20221206165111-75edd8be2cb9/go.mod h1:aWXZYs/A+6WLLKrrpKv3KUpEBEF5sCql6hEhPJhD4+I=
gitlab.com/voipbin/bin-manager/outdial-manager.git v0.0.0-20220722164233-2ec431be7901 h1:SCm0GihLmu4itJaZKLOAIBYB5TKakhdMpfEF6HCWOfk=
gitlab.com/voipbin/bin-manager/outdial-manager.git v0.0.0-20220722164233-2ec431be7901/go.mod h1:Cha5xWMeBJW4idXwvDSiME4BkOy38jgY0J3plyL5kbE=
gitlab.com/voipbin/bin-manager/queue-manager.git v0.0.0-20221124180605-39b41a7a1ada h1:DQghO9OzMhFHNIksRbtluw6nZ5LEpmdwVeEvD7Xb2sQ=
gitlab.com/voipbin/bin-manager/queue-manager.git v0.0.0-20221124180605-39b41a7a1ada/go.mod h1:BZPDfBE60Aoo106IL6v7MGeDyA//uodJJEJuvPakh8g=
gitlab.com/voipbin/bin-manager/registrar-manager.git v0.0.0-20221206185501-ee71428c9199 h1:iJjvQXx2D7eqSjC+fOemqZI+I9TcjeVXcst1yBSNQB8=
gitlab.com/voipbin/bin-manager/registrar-manager.git v0.0.0-20221206185501-ee71428c9199/go.mod h1:aCbfpQcemZ0kgWcPKBgRoJtSYdhKMrPLuZme/vltiyw=
gitlab.com/voipbin/bin-manager/route-manager.git v0.0.0-20221029145057-ef1ebd21d097 h1:5Bvn+WLVuAP7gfL25wlrhmeEcA4s9BM38IBf9Vcyvt4=
gitlab.com/voipbin/bin-manager/route-manager.git v0.0.0-20221029145057-ef1ebd21d097/go.mod h1:hGuam1F4uWvvbHpwzOLVztS/mNEtd35VNkyJX1WpIzY=
gitlab.com/voipbin/bin-manager/storage-manager.git v0.0.0-20230108123249-9f26b43b8ea9 h1:s0jTC7u5ONsjynyVV24vzgLncWZ1cHD3vITbSG2z3EQ=
gitlab.com/voipbin/bin-manager/storage-manager.git v0.0.0-20230108123249-9f26b43b8ea9/go.mod h1:pSov0x4aVPKWuN0DjMJp6+Z4kzCTxUeSzJh7fIGFg18=
gitlab.com/voipbin/bin-manager/transcribe-manager.git v0.0.0-20221222181305-2411870946f6 h1:QIlgWWt4LIZI7yhl/BXURN71+k5/HtzOVv8R8kn88XM=
gitlab.com/voipbin/bin-manager/transcribe-manager.git v0.0.0-20221222181305-2411870946f6/go.mod h1:IJ93lfnMeyQ1qkju49GSYsad0CiI5WLnSj+vbzDQRZo=
gitlab.com/voipbin/bin-manager/transcribe-manager.git v0.0.0-20230117184019-436f4bd36e90 h1:0c/faFHesiMq8jcXA5rIKBVaod19HlzRKp7wqrnozLg=
gitlab.com/voipbin/bin-manager/transcribe-manager.git v0.0.0-20230117184019-436f4bd36e90/go.mod h1:8Ieewq8nQIEcUmJzgEC/3IT0O6nCSHjft10f0LM0g70=
gitlab.com/voipbin/bin-manager/transcribe-manager.git v0.0.0-20230120110509-eb4908c35288 h1:funy29podpZh13WleJqpykzKDp1yZOxdMPo0LQP9KKI=
gitlab.com/voipbin/bin-manager/transcribe-manager.git v0.0.0-20230120110509-eb4908c35288/go.mod h1:XjpLwLwGatyJm4z5yESlNgdb8bzGOtmp/mWzSk9NttY=
gitlab.com/voipbin/bin-manager/tts-manager.git v0.0.0-20220628160222-ca61e7d2d60b h1:KoGZWuBOBro2lbDBGpdrhpKK7/MzIhw++DB/Jf2wLJc=
gitlab.com/voipbin/bin-manager/tts-manager.git v0.0.0-20220628160222-ca61e7d2d60b/go.mod h1:ZzFmntrt7qr7wZA+h5el3gCYqWjgwvmMF0EGI6UNgWA=
gitlab.com/voipbin/bin-manager/tts-manager.git v0.0.0-20230117063429-5b327fc125d6 h1:SjcxT2kk0emr3RfGPSV0slptvP0D2lV77HeuqtJBiAg=
gitlab.com/voipbin/bin-manager/tts-manager.git v0.0.0-20230117063429-5b327fc125d6/go.mod h1:qgURfZ2CXZUDsoNO7fpB29svcpm+kHRsC4pPMlVkz/E=
gitlab.com/voipbin/bin-manager/tts-manager.git v0.0.0-20230117134054-5234eab5c94d h1:4m36DVEbfjCbWIhWtNg8zQLS1IOaLrby5svm1pWR3RA=
gitlab.com/voipbin/bin-manager/tts-manager.git v0.0.0-20230117134054-5234eab5c94d/go.mod h1:gZ2iohzLUJFfgy9YOiDtBg/cNsFdQ60pOwoQtV68n+E=
gitlab.com/voipbin/bin-manager/user-manager.git v0.0.0-20211201060242-1cc38a3221d0 h1:ti87QfvFKnGwwuQZroaLlYZnTq6q7WrxQ+2uR4I3cxM=
gitlab.com/voipbin/bin-manager/user-manager.git v0.0.0-20211201060242-1cc38a3221d0/go.mod h1:halzSanfMvCY67OsxG+1D5PZHc6mwK/ClOZ1VEJGTxM=
gitlab.com/voipbin/bin-manager/webhook-manager.git v0.0.0-20220723135740-c87a1ef4af61 h1:QqGwAymiQn1xLKl/1a/ujDhdrS9zCm8a/bZtliKT+JA=
gitlab.com/voipbin/bin-manager/webhook-manager.git v0.0.0-20220723135740-c87a1ef4af61/go.mod h1:PgpFpomnuH65qFBYoUe0EBNiaDIGjZ9yn3S29XHgfSE=
golang.org/x/crypto v0.0.0-20190308221718-c2843e01d9a2/go.mod h1:djNgcEr1/C05ACkg1iLfiJU5Ep61QUkGW8qpdssI0+w=
golang.org/x/crypto v0.0.0-20191011191535-87dc89f01550/go.mod h1:yigFU9vqHzYiE8UmvKecakEJjdnWj3jj499lnFckfCI=
golang.org/x/mod v0.4.2 h1:Gz96sIWK3OalVv/I/qNygP42zyoKp3xptRVCWRFEBvo=
golang.org/x/mod v0.4.2/go.mod h1:s0Qsj1ACt9ePp/hMypM3fl4fZqREWJwdYDEqhRiZZUA=
golang.org/x/net v0.0.0-20190404232315-eb5bcb51f2a3/go.mod h1:t9HGtf8HONx5eT2rtn7q6eTqICYqUVnKs3thJo3Qplg=
golang.org/x/net v0.0.0-20190620200207-3b0461eec859/go.mod h1:z5CRVTTTmAJ677TzLLGU+0bjPO0LkuOLi4/5GtJWs/s=
golang.org/x/net v0.0.0-20210405180319-a5a99cb37ef4/go.mod h1:p54w0d4576C0XHj96bSt6lcn1PtDYWL6XObtHCRCNQM=
golang.org/x/sync v0.0.0-20181221193216-37e7f081c4d4/go.mod h1:RxMgew5VJxzue5/jJTE5uejpjVlOe/izrB70Jof72aM=
golang.org/x/sync v0.0.0-20190423024810-112230192c58/go.mod h1:RxMgew5VJxzue5/jJTE5uejpjVlOe/izrB70Jof72aM=
golang.org/x/sync v0.0.0-20210220032951-036812b2e83c/go.mod h1:RxMgew5VJxzue5/jJTE5uejpjVlOe/izrB70Jof72aM=
golang.org/x/sys v0.0.0-20190215142949-d0b11bdaac8a/go.mod h1:STP8DvDyc/dI5b8T5hshtkjS+E42TnysNCUPdjciGhY=
golang.org/x/sys v0.0.0-20190412213103-97732733099d/go.mod h1:h1NjWce9XRLGQEsW7wpKNCjG9DtNlClVuFLEZdDNbEs=
golang.org/x/sys v0.0.0-20201119102817-f84b799fce68/go.mod h1:h1NjWce9XRLGQEsW7wpKNCjG9DtNlClVuFLEZdDNbEs=
golang.org/x/sys v0.0.0-20210330210617-4fbd30eecc44/go.mod h1:h1NjWce9XRLGQEsW7wpKNCjG9DtNlClVuFLEZdDNbEs=
golang.org/x/sys v0.0.0-20210510120138-977fb7262007/go.mod h1:oPkhp1MJrh7nUepCBck5+mAzfO9JrbApNNgaTdGDITg=
golang.org/x/sys v0.0.0-20220715151400-c0bba94af5f8/go.mod h1:oPkhp1MJrh7nUepCBck5+mAzfO9JrbApNNgaTdGDITg=
golang.org/x/sys v0.4.0 h1:Zr2JFtRQNX3BCZ8YtxRE9hNJYC8J6I1MVbMg6owUp18=
golang.org/x/sys v0.4.0/go.mod h1:oPkhp1MJrh7nUepCBck5+mAzfO9JrbApNNgaTdGDITg=
golang.org/x/term v0.0.0-20201126162022-7de9c90e9dd1/go.mod h1:bj7SfCRtBDWHUb9snDiAeCFNEtKQo2Wmx5Cou7ajbmo=
golang.org/x/text v0.3.0/go.mod h1:NqM8EUOU14njkJ3fqMW+pc6Ldnwhi/IjpwHt7yyuwOQ=
golang.org/x/text v0.3.3/go.mod h1:5Zoc/QRtKVWzQhOtBMvqHzDpF6irO9z98xDceosuGiQ=
golang.org/x/tools v0.0.0-20180917221912-90fa682c2a6e/go.mod h1:n7NCudcB/nEzxVGmLbDWY5pfWTLqBcC2KZ6jyYvM4mQ=
golang.org/x/tools v0.0.0-20191119224855-298f0cb1881e/go.mod h1:b+2E5dAYhXwXZwtnZ6UAqBI28+e2cm9otk0dWdXHAEo=
golang.org/x/tools v0.1.1 h1:wGiQel/hW0NnEkJUk8lbzkX2gFJU6PFxf1v5OlCfuOs=
golang.org/x/tools v0.1.1/go.mod h1:o0xws9oXOQQZyjljx8fwUC0k7L1pTE6eaCbjGeHmOkk=
golang.org/x/xerrors v0.0.0-20190717185122-a985d3407aa7/go.mod h1:I/5z698sn9Ka8TeJc9MKroUUfqBBauWjQqLJ2OPfmY0=
golang.org/x/xerrors v0.0.0-20191011141410-1b5146add898/go.mod h1:I/5z698sn9Ka8TeJc9MKroUUfqBBauWjQqLJ2OPfmY0=
golang.org/x/xerrors v0.0.0-20191204190536-9bdfabe68543/go.mod h1:I/5z698sn9Ka8TeJc9MKroUUfqBBauWjQqLJ2OPfmY0=
golang.org/x/xerrors v0.0.0-20200804184101-5ec99f83aff1/go.mod h1:I/5z698sn9Ka8TeJc9MKroUUfqBBauWjQqLJ2OPfmY0=
golang.org/x/xerrors v0.0.0-20220907171357-04be3eba64a2 h1:H2TDz8ibqkAF6YGhCdN3jS9O0/s90v0rJh3X/OLHEUk=
google.golang.org/protobuf v1.26.0-rc.1/go.mod h1:jlhhOSvTdKEhbULTjvd4ARK9grFBp09yW+WbY/TyQbw=
google.golang.org/protobuf v1.26.0/go.mod h1:9q0QmTI4eRPtz6boOQmLYwt+qCgq0jsYwAQnmE0givc=
google.golang.org/protobuf v1.28.1 h1:d0NfwRgPtno5B1Wa6L2DAG+KivqkdutMf1UhdNx175w=
google.golang.org/protobuf v1.28.1/go.mod h1:HV8QOd/L58Z+nl8r43ehVNZIU/HEI6OcFqwMG9pJV4I=
gopkg.in/check.v1 v0.0.0-20161208181325-20d25e280405/go.mod h1:Co6ibVJAznAaIkqp8huTwlJQCZ016jof/cbN4VW5Yz0=
gopkg.in/yaml.v3 v3.0.0-20200313102051-9f266ea9e77c/go.mod h1:K4uyk7z7BCEPqu6E+C64Yfv1cQ7kz7rIZviUmN+EgEM=
gopkg.in/yaml.v3 v3.0.0-20210107192922-496545a6307b h1:h8qDotaEPuJATrMmW04NCwg7v22aHH28wwpauUhK9Oo=
